
Microsoft Visual Studio Solution File, Format Version 12.00
# Visual Studio Version 17
VisualStudioVersion = 17.5.002.0
MinimumVisualStudioVersion = 10.0.40219.1
Project("{9A19103F-16F7-4668-BE54-9A1E7A4F7556}") = "WebApplication14", "WebApplication14.csproj", "{4FC04124-2386-4036-AC8B-753CF7FE63D6}"
EndProject
Global
	GlobalSection(SolutionConfigurationPlatforms) = preSolution
		Debug|Any CPU = Debug|Any CPU
		Release|Any CPU = Release|Any CPU
	EndGlobalSection
	GlobalSection(ProjectConfigurationPlatforms) = postSolution
		{4FC04124-2386-4036-AC8B-753CF7FE63D6}.Debug|Any CPU.ActiveCfg = Debug|Any CPU
		{4FC04124-2386-4036-AC8B-753CF7FE63D6}.Debug|Any CPU.Build.0 = Debug|Any CPU
		{4FC04124-2386-4036-AC8B-753CF7FE63D6}.Release|Any CPU.ActiveCfg = Release|Any CPU
		{4FC04124-2386-4036-AC8B-753CF7FE63D6}.Release|Any CPU.Build.0 = Release|Any CPU
	EndGlobalSection
	GlobalSection(SolutionProperties) = preSolution
		HideSolutionNode = FALSE
	EndGlobalSection
	GlobalSection(ExtensibilityGlobals) = postSolution
		SolutionGuid = {0EDB1503-07F5-4549-9457-A67E584A870D}
	EndGlobalSection
EndGlobal
